
Microsoft Visual Studio Solution File, Format Version 12.00
# Visual Studio Version 16
VisualStudioVersion = 16.0.30907.101
MinimumVisualStudioVersion = 10.0.40219.1
Project("{9A19103F-16F7-4668-BE54-9A1E7A4F7556}") = "TheCatererApp", "TheCatererApp.csproj", "{A6846585-48DF-4A58-8381-00B3DCFA896A}"
EndProject
Project("{FAE04EC0-301F-11D3-BF4B-00C04F79EFBC}") = "EntityLayerModell", "..\EntityLayerModell\EntityLayerModell.csproj", "{B583F2D9-4246-4950-8D66-07065898DE92}"
	ProjectSection(ProjectDependencies) = postProject
		{A6846585-48DF-4A58-8381-00B3DCFA896A} = {A6846585-48DF-4A58-8381-00B3DCFA896A}
	EndProjectSection
EndProject
Project("{FAE04EC0-301F-11D3-BF4B-00C04F79EFBC}") = "CatererTestProject1", "..\CatererTestProject1\CatererTestProject1.csproj", "{457F1144-7F5A-43F0-BEA2-D0A06784E67F}"
EndProject
Global
	GlobalSection(SolutionConfigurationPlatforms) = preSolution
		Debug|Any CPU = Debug|Any CPU
		Release|Any CPU = Release|Any CPU
	EndGlobalSection
	GlobalSection(ProjectConfigurationPlatforms) = postSolution
		{A6846585-48DF-4A58-8381-00B3DCFA896A}.Debug|Any CPU.ActiveCfg = Debug|Any CPU
		{A6846585-48DF-4A58-8381-00B3DCFA896A}.Debug|Any CPU.Build.0 = Debug|Any CPU
		{A6846585-48DF-4A58-8381-00B3DCFA896A}.Release|Any CPU.ActiveCfg = Release|Any CPU
		{A6846585-48DF-4A58-8381-00B3DCFA896A}.Release|Any CPU.Build.0 = Release|Any CPU
		{B583F2D9-4246-4950-8D66-07065898DE92}.Debug|Any CPU.ActiveCfg = Debug|Any CPU
		{B583F2D9-4246-4950-8D66-07065898DE92}.Debug|Any CPU.Build.0 = Debug|Any CPU
		{B583F2D9-4246-4950-8D66-07065898DE92}.Release|Any CPU.ActiveCfg = Release|Any CPU
		{B583F2D9-4246-4950-8D66-07065898DE92}.Release|Any CPU.Build.0 = Release|Any CPU
		{457F1144-7F5A-43F0-BEA2-D0A06784E67F}.Debug|Any CPU.ActiveCfg = Debug|Any CPU
		{457F1144-7F5A-43F0-BEA2-D0A06784E67F}.Debug|Any CPU.Build.0 = Debug|Any CPU
		{457F1144-7F5A-43F0-BEA2-D0A06784E67F}.Release|Any CPU.ActiveCfg = Release|Any CPU
		{457F1144-7F5A-43F0-BEA2-D0A06784E67F}.Release|Any CPU.Build.0 = Release|Any CPU
	EndGlobalSection
	GlobalSection(SolutionProperties) = preSolution
		HideSolutionNode = FALSE
	EndGlobalSection
	GlobalSection(ExtensibilityGlobals) = postSolution
		SolutionGuid = {46930CBA-E4A0-4C2A-BD17-3EEC226CD9BF}
	EndGlobalSection
EndGlobal
